
Microsoft Visual Studio Solution File, Format Version 12.00
# Visual Studio Version 17
VisualStudioVersion = 17.10.34928.147
MinimumVisualStudioVersion = 10.0.40219.1
Project("{9A19103F-16F7-4668-BE54-9A1E7A4F7556}") = "Order", "Order\Order.csproj", "{0B16578E-32BE-4A35-873D-77BFDE7D6BE1}"
EndProject
Project("{9A19103F-16F7-4668-BE54-9A1E7A4F7556}") = "Product", "Product\Product.csproj", "{CB1BCE9F-1447-479D-BFA3-7D11DC4ADF2C}"
EndProject
Project("{9A19103F-16F7-4668-BE54-9A1E7A4F7556}") = "Customer", "Customer\Customer.csproj", "{267F859F-7952-4D8E-AEC1-0F9CD476E07C}"
EndProject
Project("{2150E333-8FDC-42A3-9474-1A3956D46DE8}") = "Services", "Services", "{18327DBC-575B-469D-AEB6-BBF6AC03500E}"
EndProject
Project("{2150E333-8FDC-42A3-9474-1A3956D46DE8}") = "Infrastructure", "Infrastructure", "{AFC3F928-43E7-4DEC-8A13-027C63796878}"
EndProject
Project("{9A19103F-16F7-4668-BE54-9A1E7A4F7556}") = "Tracing", "Tracing\Tracing.csproj", "{ABA78379-D119-465E-8DCD-C84D4938A205}"
EndProject
Project("{2150E333-8FDC-42A3-9474-1A3956D46DE8}") = "Solution Items", "Solution Items", "{986E165E-75C1-40F2-BAED-C5AC1482DBB8}"
	ProjectSection(SolutionItems) = preProject
		docker-compose.yml = docker-compose.yml
	EndProjectSection
EndProject
Project("{E53339B2-1760-4266-BCC7-CA923CBCF16C}") = "docker-compose", "docker-compose.dcproj", "{B4399F4A-C464-4DBA-AAB7-E4334ECBEF59}"
EndProject
Global
	GlobalSection(SolutionConfigurationPlatforms) = preSolution
		Debug|Any CPU = Debug|Any CPU
		Release|Any CPU = Release|Any CPU
	EndGlobalSection
	GlobalSection(ProjectConfigurationPlatforms) = postSolution
		{0B16578E-32BE-4A35-873D-77BFDE7D6BE1}.Debug|Any CPU.ActiveCfg = Debug|Any CPU
		{0B16578E-32BE-4A35-873D-77BFDE7D6BE1}.Debug|Any CPU.Build.0 = Debug|Any CPU
		{0B16578E-32BE-4A35-873D-77BFDE7D6BE1}.Release|Any CPU.ActiveCfg = Release|Any CPU
		{0B16578E-32BE-4A35-873D-77BFDE7D6BE1}.Release|Any CPU.Build.0 = Release|Any CPU
		{CB1BCE9F-1447-479D-BFA3-7D11DC4ADF2C}.Debug|Any CPU.ActiveCfg = Debug|Any CPU
		{CB1BCE9F-1447-479D-BFA3-7D11DC4ADF2C}.Debug|Any CPU.Build.0 = Debug|Any CPU
		{CB1BCE9F-1447-479D-BFA3-7D11DC4ADF2C}.Release|Any CPU.ActiveCfg = Release|Any CPU
		{CB1BCE9F-1447-479D-BFA3-7D11DC4ADF2C}.Release|Any CPU.Build.0 = Release|Any CPU
		{267F859F-7952-4D8E-AEC1-0F9CD476E07C}.Debug|Any CPU.ActiveCfg = Debug|Any CPU
		{267F859F-7952-4D8E-AEC1-0F9CD476E07C}.Debug|Any CPU.Build.0 = Debug|Any CPU
		{267F859F-7952-4D8E-AEC1-0F9CD476E07C}.Release|Any CPU.ActiveCfg = Release|Any CPU
		{267F859F-7952-4D8E-AEC1-0F9CD476E07C}.Release|Any CPU.Build.0 = Release|Any CPU
		{ABA78379-D119-465E-8DCD-C84D4938A205}.Debug|Any CPU.ActiveCfg = Debug|Any CPU
		{ABA78379-D119-465E-8DCD-C84D4938A205}.Debug|Any CPU.Build.0 = Debug|Any CPU
		{ABA78379-D119-465E-8DCD-C84D4938A205}.Release|Any CPU.ActiveCfg = Release|Any CPU
		{ABA78379-D119-465E-8DCD-C84D4938A205}.Release|Any CPU.Build.0 = Release|Any CPU
		{B4399F4A-C464-4DBA-AAB7-E4334ECBEF59}.Debug|Any CPU.ActiveCfg = Debug|Any CPU
		{B4399F4A-C464-4DBA-AAB7-E4334ECBEF59}.Debug|Any CPU.Build.0 = Debug|Any CPU
		{B4399F4A-C464-4DBA-AAB7-E4334ECBEF59}.Release|Any CPU.ActiveCfg = Release|Any CPU
		{B4399F4A-C464-4DBA-AAB7-E4334ECBEF59}.Release|Any CPU.Build.0 = Release|Any CPU
	EndGlobalSection
	GlobalSection(SolutionProperties) = preSolution
		HideSolutionNode = FALSE
	EndGlobalSection
	GlobalSection(NestedProjects) = preSolution
		{0B16578E-32BE-4A35-873D-77BFDE7D6BE1} = {18327DBC-575B-469D-AEB6-BBF6AC03500E}
		{CB1BCE9F-1447-479D-BFA3-7D11DC4ADF2C} = {18327DBC-575B-469D-AEB6-BBF6AC03500E}
		{267F859F-7952-4D8E-AEC1-0F9CD476E07C} = {18327DBC-575B-469D-AEB6-BBF6AC03500E}
		{ABA78379-D119-465E-8DCD-C84D4938A205} = {AFC3F928-43E7-4DEC-8A13-027C63796878}
	EndGlobalSection
	GlobalSection(ExtensibilityGlobals) = postSolution
		SolutionGuid = {861F5F07-F784-45AB-B0E9-AED06F477CD3}
	EndGlobalSection
EndGlobal
